// !$*UTF8*$!
{
	archiveVersion = 1;
	classes = {
	};
	objectVersion = 56;
	objects = {

/* Begin PBXBuildFile section */
		8D9D21252AB0830D00F6D35F /* AppDelegate.swift in Sources */ = {isa = PBXBuildFile; fileRef = 8D9D21242AB0830D00F6D35F /* AppDelegate.swift */; };
		8D9D21272AB0830D00F6D35F /* SceneDelegate.swift in Sources */ = {isa = PBXBuildFile; fileRef = 8D9D21262AB0830D00F6D35F /* SceneDelegate.swift */; };
		8D9D21292AB0830D00F6D35F /* ViewController.swift in Sources */ = {isa = PBXBuildFile; fileRef = 8D9D21282AB0830D00F6D35F /* ViewController.swift */; };
		8D9D212C2AB0830D00F6D35F /* Main.storyboard in Resources */ = {isa = PBXBuildFile; fileRef = 8D9D212A2AB0830D00F6D35F /* Main.storyboard */; };
		8D9D212E2AB0830E00F6D35F /* Assets.xcassets in Resources */ = {isa = PBXBuildFile; fileRef = 8D9D212D2AB0830E00F6D35F /* Assets.xcassets */; };
		8D9D21312AB0830E00F6D35F /* LaunchScreen.storyboard in Resources */ = {isa = PBXBuildFile; fileRef = 8D9D212F2AB0830E00F6D35F /* LaunchScreen.storyboard */; };
		8D9D213C2AB0830E00F6D35F /* CounterTests.swift in Sources */ = {isa = PBXBuildFile; fileRef = 8D9D213B2AB0830E00F6D35F /* CounterTests.swift */; };
		8D9D21462AB0830E00F6D35F /* CounterUITests.swift in Sources */ = {isa = PBXBuildFile; fileRef = 8D9D21452AB0830E00F6D35F /* CounterUITests.swift */; };
		8D9D21482AB0830E00F6D35F /* CounterUITestsLaunchTests.swift in Sources */ = {isa = PBXBuildFile; fileRef = 8D9D21472AB0830E00F6D35F /* CounterUITestsLaunchTests.swift */; };
/* End PBXBuildFile section */

/* Begin PBXContainerItemProxy section */
		8D9D21382AB0830E00F6D35F /* PBXContainerItemProxy */ = {
			isa = PBXContainerItemProxy;
			containerPortal = 8D9D21192AB0830D00F6D35F /* Project object */;
			proxyType = 1;
			remoteGlobalIDString = 8D9D21202AB0830D00F6D35F;
			remoteInfo = Counter;
		};
		8D9D21422AB0830E00F6D35F /* PBXContainerItemProxy */ = {
			isa = PBXContainerItemProxy;
			containerPortal = 8D9D21192AB0830D00F6D35F /* Project object */;
			proxyType = 1;
			remoteGlobalIDString = 8D9D21202AB0830D00F6D35F;
			remoteInfo = Counter;
		};
/* End PBXContainerItemProxy section */

/* Begin PBXFileReference section */
		8D9D21212AB0830D00F6D35F /* Counter.app */ = {isa = PBXFileReference; explicitFileType = wrapper.application; includeInIndex = 0; path = Counter.app; sourceTree = BUILT_PRODUCTS_DIR; };
		8D9D21242AB0830D00F6D35F /* AppDelegate.swift */ = {isa = PBXFileReference; lastKnownFileType = sourcecode.swift; path = AppDelegate.swift; sourceTree = "<group>"; };
		8D9D21262AB0830D00F6D35F /* SceneDelegate.swift */ = {isa = PBXFileReference; lastKnownFileType = sourcecode.swift; path = SceneDelegate.swift; sourceTree = "<group>"; };
		8D9D21282AB0830D00F6D35F /* ViewController.swift */ = {isa = PBXFileReference; lastKnownFileType = sourcecode.swift; path = ViewController.swift; sourceTree = "<group>"; };
		8D9D212B2AB0830D00F6D35F /* Base */ = {isa = PBXFileReference; lastKnownFileType = file.storyboard; name = Base; path = Base.lproj/Main.storyboard; sourceTree = "<group>"; };
		8D9D212D2AB0830E00F6D35F /* Assets.xcassets */ = {isa = PBXFileReference; lastKnownFileType = folder.assetcatalog; path = Assets.xcassets; sourceTree = "<group>"; };
		8D9D21302AB0830E00F6D35F /* Base */ = {isa = PBXFileReference; lastKnownFileType = file.storyboard; name = Base; path = Base.lproj/LaunchScreen.storyboard; sourceTree = "<group>"; };
		8D9D21322AB0830E00F6D35F /* Info.plist */ = {isa = PBXFileReference; lastKnownFileType = text.plist.xml; path = Info.plist; sourceTree = "<group>"; };
		8D9D21372AB0830E00F6D35F /* CounterTests.xctest */ = {isa = PBXFileReference; explicitFileType = wrapper.cfbundle; includeInIndex = 0; path = CounterTests.xctest; sourceTree = BUILT_PRODUCTS_DIR; };
		8D9D213B2AB0830E00F6D35F /* CounterTests.swift */ = {isa = PBXFileReference; lastKnownFileType = sourcecode.swift; path = CounterTests.swift; sourceTree = "<group>"; };
		8D9D21412AB0830E00F6D35F /* CounterUITests.xctest */ = {isa = PBXFileReference; explicitFileType = wrapper.cfbundle; includeInIndex = 0; path = CounterUITests.xctest; sourceTree = BUILT_PRODUCTS_DIR; };
		8D9D21452AB0830E00F6D35F /* CounterUITests.swift */ = {isa = PBXFileReference; lastKnownFileType = sourcecode.swift; path = CounterUITests.swift; sourceTree = "<group>"; };
		8D9D21472AB0830E00F6D35F /* CounterUITestsLaunchTests.swift */ = {isa = PBXFileReference; lastKnownFileType = sourcecode.swift; path = CounterUITestsLaunchTests.swift; sourceTree = "<group>"; };
/* End PBXFileReference section */

/* Begin PBXFrameworksBuildPhase section */
		8D9D211E2AB0830D00F6D35F /* Frameworks */ = {
			isa = PBXFrameworksBuildPhase;
			buildActionMask = 2147483647;
			files = (
			);
			runOnlyForDeploymentPostprocessing = 0;
		};
		8D9D21342AB0830E00F6D35F /* Frameworks */ = {
			isa = PBXFrameworksBuildPhase;
			buildActionMask = 2147483647;
			files = (
			);
			runOnlyForDeploymentPostprocessing = 0;
		};
		8D9D213E2AB0830E00F6D35F /* Frameworks */ = {
			isa = PBXFrameworksBuildPhase;
			buildActionMask = 2147483647;
			files = (
			);
			runOnlyForDeploymentPostprocessing = 0;
		};
/* End PBXFrameworksBuildPhase section */

/* Begin PBXGroup section */
		8D9D21182AB0830D00F6D35F = {
			isa = PBXGroup;
			children = (
				8D9D21232AB0830D00F6D35F /* Counter */,
				8D9D213A2AB0830E00F6D35F /* CounterTests */,
				8D9D21442AB0830E00F6D35F /* CounterUITests */,
				8D9D21222AB0830D00F6D35F /* Products */,
			);
			sourceTree = "<group>";
		};
		8D9D21222AB0830D00F6D35F /* Products */ = {
			isa = PBXGroup;
			children = (
				8D9D21212AB0830D00F6D35F /* Counter.app */,
				8D9D21372AB0830E00F6D35F /* CounterTests.xctest */,
				8D9D21412AB0830E00F6D35F /* CounterUITests.xctest */,
			);
			name = Products;
			sourceTree = "<group>";
		};
		8D9D21232AB0830D00F6D35F /* Counter */ = {
			isa = PBXGroup;
			children = (
				8D9D21242AB0830D00F6D35F /* AppDelegate.swift */,
				8D9D21262AB0830D00F6D35F /* SceneDelegate.swift */,
				8D9D21282AB0830D00F6D35F /* ViewController.swift */,
				8D9D212A2AB0830D00F6D35F /* Main.storyboard */,
				8D9D212D2AB0830E00F6D35F /* Assets.xcassets */,
				8D9D212F2AB0830E00F6D35F /* LaunchScreen.storyboard */,
				8D9D21322AB0830E00F6D35F /* Info.plist */,
			);
			path = Counter;
			sourceTree = "<group>";
		};
		8D9D213A2AB0830E00F6D35F /* CounterTests */ = {
			isa = PBXGroup;
			children = (
				8D9D213B2AB0830E00F6D35F /* CounterTests.swift */,
			);
			path = CounterTests;
			sourceTree = "<group>";
		};
		8D9D21442AB0830E00F6D35F /* CounterUITests */ = {
			isa = PBXGroup;
			children = (
				8D9D21452AB0830E00F6D35F /* CounterUITests.swift */,
				8D9D21472AB0830E00F6D35F /* CounterUITestsLaunchTests.swift */,
			);
			path = CounterUITests;
			sourceTree = "<group>";
		};
/* End PBXGroup section */

/* Begin PBXNativeTarget section */
		8D9D21202AB0830D00F6D35F /* Counter */ = {
			isa = PBXNativeTarget;
			buildConfigurationList = 8D9D214B2AB0830E00F6D35F /* Build configuration list for PBXNativeTarget "Counter" */;
			buildPhases = (
				8D9D211D2AB0830D00F6D35F /* Sources */,
				8D9D211E2AB0830D00F6D35F /* Frameworks */,
				8D9D211F2AB0830D00F6D35F /* Resources */,
			);
			buildRules = (
			);
			dependencies = (
			);
			name = Counter;
			productName = Counter;
			productReference = 8D9D21212AB0830D00F6D35F /* Counter.app */;
			productType = "com.apple.product-type.application";
		};
		8D9D21362AB0830E00F6D35F /* CounterTests */ = {
			isa = PBXNativeTarget;
			buildConfigurationList = 8D9D214E2AB0830E00F6D35F /* Build configuration list for PBXNativeTarget "CounterTests" */;
			buildPhases = (
				8D9D21332AB0830E00F6D35F /* Sources */,
				8D9D21342AB0830E00F6D35F /* Frameworks */,
				8D9D21352AB0830E00F6D35F /* Resources */,
			);
			buildRules = (
			);
			dependencies = (
				8D9D21392AB0830E00F6D35F /* PBXTargetDependency */,
			);
			name = CounterTests;
			productName = CounterTests;
			productReference = 8D9D21372AB0830E00F6D35F /* CounterTests.xctest */;
			productType = "com.apple.product-type.bundle.unit-test";
		};
		8D9D21402AB0830E00F6D35F /* CounterUITests */ = {
			isa = PBXNativeTarget;
			buildConfigurationList = 8D9D21512AB0830E00F6D35F /* Build configuration list for PBXNativeTarget "CounterUITests" */;
			buildPhases = (
				8D9D213D2AB0830E00F6D35F /* Sources */,
				8D9D213E2AB0830E00F6D35F /* Frameworks */,
				8D9D213F2AB0830E00F6D35F /* Resources */,
			);
			buildRules = (
			);
			dependencies = (
				8D9D21432AB0830E00F6D35F /* PBXTargetDependency */,
			);
			name = CounterUITests;
			productName = CounterUITests;
			productReference = 8D9D21412AB0830E00F6D35F /* CounterUITests.xctest */;
			productType = "com.apple.product-type.bundle.ui-testing";
		};
/* End PBXNativeTarget section */

/* Begin PBXProject section */
		8D9D21192AB0830D00F6D35F /* Project object */ = {
			isa = PBXProject;
			attributes = {
				BuildIndependentTargetsInParallel = 1;
				LastSwiftUpdateCheck = 1430;
				LastUpgradeCheck = 1430;
				TargetAttributes = {
					8D9D21202AB0830D00F6D35F = {
						CreatedOnToolsVersion = 14.3.1;
					};
					8D9D21362AB0830E00F6D35F = {
						CreatedOnToolsVersion = 14.3.1;
						TestTargetID = 8D9D21202AB0830D00F6D35F;
					};
					8D9D21402AB0830E00F6D35F = {
						CreatedOnToolsVersion = 14.3.1;
						TestTargetID = 8D9D21202AB0830D00F6D35F;
					};
				};
			};
			buildConfigurationList = 8D9D211C2AB0830D00F6D35F /* Build configuration list for PBXProject "Counter" */;
			compatibilityVersion = "Xcode 14.0";
			developmentRegion = en;
			hasScannedForEncodings = 0;
			knownRegions = (
				en,
				Base,
			);
			mainGroup = 8D9D21182AB0830D00F6D35F;
			productRefGroup = 8D9D21222AB0830D00F6D35F /* Products */;
			projectDirPath = "";
			projectRoot = "";
			targets = (
				8D9D21202AB0830D00F6D35F /* Counter */,
				8D9D21362AB0830E00F6D35F /* CounterTests */,
				8D9D21402AB0830E00F6D35F /* CounterUITests */,
			);
		};
/* End PBXProject section */

/* Begin PBXResourcesBuildPhase section */
		8D9D211F2AB0830D00F6D35F /* Resources */ = {
			isa = PBXResourcesBuildPhase;
			buildActionMask = 2147483647;
			files = (
				8D9D21312AB0830E00F6D35F /* LaunchScreen.storyboard in Resources */,
				8D9D212E2AB0830E00F6D35F /* Assets.xcassets in Resources */,
				8D9D212C2AB0830D00F6D35F /* Main.storyboard in Resources */,
			);
			runOnlyForDeploymentPostprocessing = 0;
		};
		8D9D21352AB0830E00F6D35F /* Resources */ = {
			isa = PBXResourcesBuildPhase;
			buildActionMask = 2147483647;
			files = (
			);
			runOnlyForDeploymentPostprocessing = 0;
		};
		8D9D213F2AB0830E00F6D35F /* Resources */ = {
			isa = PBXResourcesBuildPhase;
			buildActionMask = 2147483647;
			files = (
			);
			runOnlyForDeploymentPostprocessing = 0;
		};
/* End PBXResourcesBuildPhase section */

/* Begin PBXSourcesBuildPhase section */
		8D9D211D2AB0830D00F6D35F /* Sources */ = {
			isa = PBXSourcesBuildPhase;
			buildActionMask = 2147483647;
			files = (
				8D9D21292AB0830D00F6D35F /* ViewController.swift in Sources */,
				8D9D21252AB0830D00F6D35F /* AppDelegate.swift in Sources */,
				8D9D21272AB0830D00F6D35F /* SceneDelegate.swift in Sources */,
			);
			runOnlyForDeploymentPostprocessing = 0;
		};
		8D9D21332AB0830E00F6D35F /* Sources */ = {
			isa = PBXSourcesBuildPhase;
			buildActionMask = 2147483647;
			files = (
				8D9D213C2AB0830E00F6D35F /* CounterTests.swift in Sources */,
			);
			runOnlyForDeploymentPostprocessing = 0;
		};
		8D9D213D2AB0830E00F6D35F /* Sources */ = {
			isa = PBXSourcesBuildPhase;
			buildActionMask = 2147483647;
			files = (
				8D9D21462AB0830E00F6D35F /* CounterUITests.swift in Sources */,
				8D9D21482AB0830E00F6D35F /* CounterUITestsLaunchTests.swift in Sources */,
			);
			runOnlyForDeploymentPostprocessing = 0;
		};
/* End PBXSourcesBuildPhase section */

/* Begin PBXTargetDependency section */
		8D9D21392AB0830E00F6D35F /* PBXTargetDependency */ = {
			isa = PBXTargetDependency;
			target = 8D9D21202AB0830D00F6D35F /* Counter */;
			targetProxy = 8D9D21382AB0830E00F6D35F /* PBXContainerItemProxy */;
		};
		8D9D21432AB0830E00F6D35F /* PBXTargetDependency */ = {
			isa = PBXTargetDependency;
			target = 8D9D21202AB0830D00F6D35F /* Counter */;
			targetProxy = 8D9D21422AB0830E00F6D35F /* PBXContainerItemProxy */;
		};
/* End PBXTargetDependency section */

/* Begin PBXVariantGroup section */
		8D9D212A2AB0830D00F6D35F /* Main.storyboard */ = {
			isa = PBXVariantGroup;
			children = (
				8D9D212B2AB0830D00F6D35F /* Base */,
			);
			name = Main.storyboard;
			sourceTree = "<group>";
		};
		8D9D212F2AB0830E00F6D35F /* LaunchScreen.storyboard */ = {
			isa = PBXVariantGroup;
			children = (
				8D9D21302AB0830E00F6D35F /* Base */,
			);
			name = LaunchScreen.storyboard;
			sourceTree = "<group>";
		};
/* End PBXVariantGroup section */

/* Begin XCBuildConfiguration section */
		8D9D21492AB0830E00F6D35F /* Debug */ = {
			isa = XCBuildConfiguration;
			buildSettings = {
				ALWAYS_SEARCH_USER_PATHS = NO;
				CLANG_ANALYZER_NONNULL = YES;
				CLANG_ANALYZER_NUMBER_OBJECT_CONVERSION = YES_AGGRESSIVE;
				CLANG_CXX_LANGUAGE_STANDARD = "gnu++20";
				CLANG_ENABLE_MODULES = YES;
				CLANG_ENABLE_OBJC_ARC = YES;
				CLANG_ENABLE_OBJC_WEAK = YES;
				CLANG_WARN_BLOCK_CAPTURE_AUTORELEASING = YES;
				CLANG_WARN_BOOL_CONVERSION = YES;
				CLANG_WARN_COMMA = YES;
				CLANG_WARN_CONSTANT_CONVERSION = YES;
				CLANG_WARN_DEPRECATED_OBJC_IMPLEMENTATIONS = YES;
				CLANG_WARN_DIRECT_OBJC_ISA_USAGE = YES_ERROR;
				CLANG_WARN_DOCUMENTATION_COMMENTS = YES;
				CLANG_WARN_EMPTY_BODY = YES;
				CLANG_WARN_ENUM_CONVERSION = YES;
				CLANG_WARN_INFINITE_RECURSION = YES;
				CLANG_WARN_INT_CONVERSION = YES;
				CLANG_WARN_NON_LITERAL_NULL_CONVERSION = YES;
				CLANG_WARN_OBJC_IMPLICIT_RETAIN_SELF = YES;
				CLANG_WARN_OBJC_LITERAL_CONVERSION = YES;
				CLANG_WARN_OBJC_ROOT_CLASS = YES_ERROR;
				CLANG_WARN_QUOTED_INCLUDE_IN_FRAMEWORK_HEADER = YES;
				CLANG_WARN_RANGE_LOOP_ANALYSIS = YES;
				CLANG_WARN_STRICT_PROTOTYPES = YES;
				CLANG_WARN_SUSPICIOUS_MOVE = YES;
				CLANG_WARN_UNGUARDED_AVAILABILITY = YES_AGGRESSIVE;
				CLANG_WARN_UNREACHABLE_CODE = YES;
				CLANG_WARN__DUPLICATE_METHOD_MATCH = YES;
				COPY_PHASE_STRIP = NO;
				DEBUG_INFORMATION_FORMAT = dwarf;
				ENABLE_STRICT_OBJC_MSGSEND = YES;
				ENABLE_TESTABILITY = YES;
				GCC_C_LANGUAGE_STANDARD = gnu11;
				GCC_DYNAMIC_NO_PIC = NO;
				GCC_NO_COMMON_BLOCKS = YES;
				GCC_OPTIMIZATION_LEVEL = 0;
				GCC_PREPROCESSOR_DEFINITIONS = (
					"DEBUG=1",
					"$(inherited)",
				);
				GCC_WARN_64_TO_32_BIT_CONVERSION = YES;
				GCC_WARN_ABOUT_RETURN_TYPE = YES_ERROR;
				GCC_WARN_UNDECLARED_SELECTOR = YES;
				GCC_WARN_UNINITIALIZED_AUTOS = YES_AGGRESSIVE;
				GCC_WARN_UNUSED_FUNCTION = YES;
				GCC_WARN_UNUSED_VARIABLE = YES;
				IPHONEOS_DEPLOYMENT_TARGET = 16.4;
				MTL_ENABLE_DEBUG_INFO = INCLUDE_SOURCE;
				MTL_FAST_MATH = YES;
				ONLY_ACTIVE_ARCH = YES;
				SDKROOT = iphoneos;
				SWIFT_ACTIVE_COMPILATION_CONDITIONS = DEBUG;
				SWIFT_OPTIMIZATION_LEVEL = "-Onone";
			};
			name = Debug;
		};
		8D9D214A2AB0830E00F6D35F /* Release */ = {
			isa = XCBuildConfiguration;
			buildSettings = {
				ALWAYS_SEARCH_USER_PATHS = NO;
				CLANG_ANALYZER_NONNULL = YES;
				CLANG_ANALYZER_NUMBER_OBJECT_CONVERSION = YES_AGGRESSIVE;
				CLANG_CXX_LANGUAGE_STANDARD = "gnu++20";
				CLANG_ENABLE_MODULES = YES;
				CLANG_ENABLE_OBJC_ARC = YES;
				CLANG_ENABLE_OBJC_WEAK = YES;
				CLANG_WARN_BLOCK_CAPTURE_AUTORELEASING = YES;
				CLANG_WARN_BOOL_CONVERSION = YES;
				CLANG_WARN_COMMA = YES;
				CLANG_WARN_CONSTANT_CONVERSION = YES;
				CLANG_WARN_DEPRECATED_OBJC_IMPLEMENTATIONS = YES;
				CLANG_WARN_DIRECT_OBJC_ISA_USAGE = YES_ERROR;
				CLANG_WARN_DOCUMENTATION_COMMENTS = YES;
				CLANG_WARN_EMPTY_BODY = YES;
				CLANG_WARN_ENUM_CONVERSION = YES;
				CLANG_WARN_INFINITE_RECURSION = YES;
				CLANG_WARN_INT_CONVERSION = YES;
				CLANG_WARN_NON_LITERAL_NULL_CONVERSION = YES;
				CLANG_WARN_OBJC_IMPLICIT_RETAIN_SELF = YES;
				CLANG_WARN_OBJC_LITERAL_CONVERSION = YES;
				CLANG_WARN_OBJC_ROOT_CLASS = YES_ERROR;
				CLANG_WARN_QUOTED_INCLUDE_IN_FRAMEWORK_HEADER = YES;
				CLANG_WARN_RANGE_LOOP_ANALYSIS = YES;
				CLANG_WARN_STRICT_PROTOTYPES = YES;
				CLANG_WARN_SUSPICIOUS_MOVE = YES;
				CLANG_WARN_UNGUARDED_AVAILABILITY = YES_AGGRESSIVE;
				CLANG_WARN_UNREACHABLE_CODE = YES;
				CLANG_WARN__DUPLICATE_METHOD_MATCH = YES;
				COPY_PHASE_STRIP = NO;
				DEBUG_INFORMATION_FORMAT = "dwarf-with-dsym";
				ENABLE_NS_ASSERTIONS = NO;
				ENABLE_STRICT_OBJC_MSGSEND = YES;
				GCC_C_LANGUAGE_STANDARD = gnu11;
				GCC_NO_COMMON_BLOCKS = YES;
				GCC_WARN_64_TO_32_BIT_CONVERSION = YES;
				GCC_WARN_ABOUT_RETURN_TYPE = YES_ERROR;
				GCC_WARN_UNDECLARED_SELECTOR = YES;
				GCC_WARN_UNINITIALIZED_AUTOS = YES_AGGRESSIVE;
				GCC_WARN_UNUSED_FUNCTION = YES;
				GCC_WARN_UNUSED_VARIABLE = YES;
				IPHONEOS_DEPLOYMENT_TARGET = 16.4;
				MTL_ENABLE_DEBUG_INFO = NO;
				MTL_FAST_MATH = YES;
				SDKROOT = iphoneos;
				SWIFT_COMPILATION_MODE = wholemodule;
				SWIFT_OPTIMIZATION_LEVEL = "-O";
				VALIDATE_PRODUCT = YES;
			};
			name = Release;
		};
		8D9D214C2AB0830E00F6D35F /* Debug */ = {
			isa = XCBuildConfiguration;
			buildSettings = {
				ASSETCATALOG_COMPILER_APPICON_NAME = AppIcon;
				ASSETCATALOG_COMPILER_GLOBAL_ACCENT_COLOR_NAME = AccentColor;
				CODE_SIGN_STYLE = Automatic;
				CURRENT_PROJECT_VERSION = 1;
				DEVELOPMENT_TEAM = S4GZG65U26;
				GENERATE_INFOPLIST_FILE = YES;
				INFOPLIST_FILE = Counter/Info.plist;
				INFOPLIST_KEY_UIApplicationSupportsIndirectInputEvents = YES;
				INFOPLIST_KEY_UILaunchStoryboardName = LaunchScreen;
				INFOPLIST_KEY_UIMainStoryboardFile = Main;
				INFOPLIST_KEY_UISupportedInterfaceOrientations_iPad = "UIInterfaceOrientationPortrait UIInterfaceOrientationPortraitUpsideDown UIInterfaceOrientationLandscapeLeft UIInterfaceOrientationLandscapeRight";
				INFOPLIST_KEY_UISupportedInterfaceOrientations_iPhone = "UIInterfaceOrientationPortrait UIInterfaceOrientationLandscapeLeft UIInterfaceOrientationLandscapeRight";
				LD_RUNPATH_SEARCH_PATHS = (
					"$(inherited)",
					"@executable_path/Frameworks",
				);
				MARKETING_VERSION = 1.0;
				PRODUCT_BUNDLE_IDENTIFIER = Nemezida.Counter;
				PRODUCT_NAME = "$(TARGET_NAME)";
				SWIFT_EMIT_LOC_STRINGS = YES;
				SWIFT_VERSION = 5.0;
				TARGETED_DEVICE_FAMILY = "1,2";
			};
			name = Debug;
		};
		8D9D214D2AB0830E00F6D35F /* Release */ = {
			isa = XCBuildConfiguration;
			buildSettings = {
				ASSETCATALOG_COMPILER_APPICON_NAME = AppIcon;
				ASSETCATALOG_COMPILER_GLOBAL_ACCENT_COLOR_NAME = AccentColor;
				CODE_SIGN_STYLE = Automatic;
				CURRENT_PROJECT_VERSION = 1;
				DEVELOPMENT_TEAM = S4GZG65U26;
				GENERATE_INFOPLIST_FILE = YES;
				INFOPLIST_FILE = Counter/Info.plist;
				INFOPLIST_KEY_UIApplicationSupportsIndirectInputEvents = YES;
				INFOPLIST_KEY_UILaunchStoryboardName = LaunchScreen;
				INFOPLIST_KEY_UIMainStoryboardFile = Main;
				INFOPLIST_KEY_UISupportedInterfaceOrientations_iPad = "UIInterfaceOrientationPortrait UIInterfaceOrientationPortraitUpsideDown UIInterfaceOrientationLandscapeLeft UIInterfaceOrientationLandscapeRight";
				INFOPLIST_KEY_UISupportedInterfaceOrientations_iPhone = "UIInterfaceOrientationPortrait UIInterfaceOrientationLandscapeLeft UIInterfaceOrientationLandscapeRight";
				LD_RUNPATH_SEARCH_PATHS = (
					"$(inherited)",
					"@executable_path/Frameworks",
				);
				MARKETING_VERSION = 1.0;
				PRODUCT_BUNDLE_IDENTIFIER = Nemezida.Counter;
				PRODUCT_NAME = "$(TARGET_NAME)";
				SWIFT_EMIT_LOC_STRINGS = YES;
				SWIFT_VERSION = 5.0;
				TARGETED_DEVICE_FAMILY = "1,2";
			};
			name = Release;
		};
		8D9D214F2AB0830E00F6D35F /* Debug */ = {
			isa = XCBuildConfiguration;
			buildSettings = {
				ALWAYS_EMBED_SWIFT_STANDARD_LIBRARIES = YES;
				BUNDLE_LOADER = "$(TEST_HOST)";
				CODE_SIGN_STYLE = Automatic;
				CURRENT_PROJECT_VERSION = 1;
				DEVELOPMENT_TEAM = S4GZG65U26;
				GENERATE_INFOPLIST_FILE = YES;
				IPHONEOS_DEPLOYMENT_TARGET = 16.4;
				MARKETING_VERSION = 1.0;
				PRODUCT_BUNDLE_IDENTIFIER = Nemezida.CounterTests;
				PRODUCT_NAME = "$(TARGET_NAME)";
				SWIFT_EMIT_LOC_STRINGS = NO;
				SWIFT_VERSION = 5.0;
				TARGETED_DEVICE_FAMILY = "1,2";
				TEST_HOST = "$(BUILT_PRODUCTS_DIR)/Counter.app/$(BUNDLE_EXECUTABLE_FOLDER_PATH)/Counter";
			};
			name = Debug;
		};
		8D9D21502AB0830E00F6D35F /* Release */ = {
			isa = XCBuildConfiguration;
			buildSettings = {
				ALWAYS_EMBED_SWIFT_STANDARD_LIBRARIES = YES;
				BUNDLE_LOADER = "$(TEST_HOST)";
				CODE_SIGN_STYLE = Automatic;
				CURRENT_PROJECT_VERSION = 1;
				DEVELOPMENT_TEAM = S4GZG65U26;
				GENERATE_INFOPLIST_FILE = YES;
				IPHONEOS_DEPLOYMENT_TARGET = 16.4;
				MARKETING_VERSION = 1.0;
				PRODUCT_BUNDLE_IDENTIFIER = Nemezida.CounterTests;
				PRODUCT_NAME = "$(TARGET_NAME)";
				SWIFT_EMIT_LOC_STRINGS = NO;
				SWIFT_VERSION = 5.0;
				TARGETED_DEVICE_FAMILY = "1,2";
				TEST_HOST = "$(BUILT_PRODUCTS_DIR)/Counter.app/$(BUNDLE_EXECUTABLE_FOLDER_PATH)/Counter";
			};
			name = Release;
		};
		8D9D21522AB0830E00F6D35F /* Debug */ = {
			isa = XCBuildConfiguration;
			buildSettings = {
				ALWAYS_EMBED_SWIFT_STANDARD_LIBRARIES = YES;
				CODE_SIGN_STYLE = Automatic;
				CURRENT_PROJECT_VERSION = 1;
				DEVELOPMENT_TEAM = S4GZG65U26;
				GENERATE_INFOPLIST_FILE = YES;
				MARKETING_VERSION = 1.0;
				PRODUCT_BUNDLE_IDENTIFIER = Nemezida.CounterUITests;
				PRODUCT_NAME = "$(TARGET_NAME)";
				SWIFT_EMIT_LOC_STRINGS = NO;
				SWIFT_VERSION = 5.0;
				TARGETED_DEVICE_FAMILY = "1,2";
				TEST_TARGET_NAME = Counter;
			};
			name = Debug;
		};
		8D9D21532AB0830E00F6D35F /* Release */ = {
			isa = XCBuildConfiguration;
			buildSettings = {
				ALWAYS_EMBED_SWIFT_STANDARD_LIBRARIES = YES;
				CODE_SIGN_STYLE = Automatic;
				CURRENT_PROJECT_VERSION = 1;
				DEVELOPMENT_TEAM = S4GZG65U26;
				GENERATE_INFOPLIST_FILE = YES;
				MARKETING_VERSION = 1.0;
				PRODUCT_BUNDLE_IDENTIFIER = Nemezida.CounterUITests;
				PRODUCT_NAME = "$(TARGET_NAME)";
				SWIFT_EMIT_LOC_STRINGS = NO;
				SWIFT_VERSION = 5.0;
				TARGETED_DEVICE_FAMILY = "1,2";
				TEST_TARGET_NAME = Counter;
			};
			name = Release;
		};
/* End XCBuildConfiguration section */

/* Begin XCConfigurationList section */
		8D9D211C2AB0830D00F6D35F /* Build configuration list for PBXProject "Counter" */ = {
			isa = XCConfigurationList;
			buildConfigurations = (
				8D9D21492AB0830E00F6D35F /* Debug */,
				8D9D214A2AB0830E00F6D35F /* Release */,
			);
			defaultConfigurationIsVisible = 0;
			defaultConfigurationName = Release;
		};
		8D9D214B2AB0830E00F6D35F /* Build configuration list for PBXNativeTarget "Counter" */ = {
			isa = XCConfigurationList;
			buildConfigurations = (
				8D9D214C2AB0830E00F6D35F /* Debug */,
				8D9D214D2AB0830E00F6D35F /* Release */,
			);
			defaultConfigurationIsVisible = 0;
			defaultConfigurationName = Release;
		};
		8D9D214E2AB0830E00F6D35F /* Build configuration list for PBXNativeTarget "CounterTests" */ = {
			isa = XCConfigurationList;
			buildConfigurations = (
				8D9D214F2AB0830E00F6D35F /* Debug */,
				8D9D21502AB0830E00F6D35F /* Release */,
			);
			defaultConfigurationIsVisible = 0;
			defaultConfigurationName = Release;
		};
		8D9D21512AB0830E00F6D35F /* Build configuration list for PBXNativeTarget "CounterUITests" */ = {
			isa = XCConfigurationList;
			buildConfigurations = (
				8D9D21522AB0830E00F6D35F /* Debug */,
				8D9D21532AB0830E00F6D35F /* Release */,
			);
			defaultConfigurationIsVisible = 0;
			defaultConfigurationName = Release;
		};
/* End XCConfigurationList section */
	};
	rootObject = 8D9D21192AB0830D00F6D35F /* Project object */;
}
